
Microsoft Visual Studio Solution File, Format Version 12.00
# Visual Studio 15
VisualStudioVersion = 15.0.28307.421
MinimumVisualStudioVersion = 10.0.40219.1
Project("{FAE04EC0-301F-11D3-BF4B-00C04F79EFBC}") = "AccessLogMiddleware", "AccessLogMiddleware\AccessLogMiddleware.csproj", "{70A3EA5C-8ED1-456A-8E8C-B60EDAD6CD22}"
EndProject
Global
	GlobalSection(SolutionConfigurationPlatforms) = preSolution
		Debug|Any CPU = Debug|Any CPU
		Release|Any CPU = Release|Any CPU
	EndGlobalSection
	GlobalSection(ProjectConfigurationPlatforms) = postSolution
		{70A3EA5C-8ED1-456A-8E8C-B60EDAD6CD22}.Debug|Any CPU.ActiveCfg = Debug|Any CPU
		{70A3EA5C-8ED1-456A-8E8C-B60EDAD6CD22}.Debug|Any CPU.Build.0 = Debug|Any CPU
		{70A3EA5C-8ED1-456A-8E8C-B60EDAD6CD22}.Release|Any CPU.ActiveCfg = Release|Any CPU
		{70A3EA5C-8ED1-456A-8E8C-B60EDAD6CD22}.Release|Any CPU.Build.0 = Release|Any CPU
	EndGlobalSection
	GlobalSection(SolutionProperties) = preSolution
		HideSolutionNode = FALSE
	EndGlobalSection
	GlobalSection(ExtensibilityGlobals) = postSolution
		SolutionGuid = {ACA228C7-1311-4E77-9579-0E5168E8DE9C}
	EndGlobalSection
EndGlobal
